
Microsoft Visual Studio Solution File, Format Version 12.00
# Visual Studio Version 17
VisualStudioVersion = 17.2.32630.192
MinimumVisualStudioVersion = 10.0.40219.1
Project("{9A19103F-16F7-4668-BE54-9A1E7A4F7556}") = "R5T.F0142.Construction", "R5T.F0142.Construction\R5T.F0142.Construction.csproj", "{002EA5A1-4860-4A4E-8DB6-25B1FB033E27}"
EndProject
Project("{9A19103F-16F7-4668-BE54-9A1E7A4F7556}") = "R5T.F0142", "R5T.F0142\R5T.F0142.csproj", "{A9649B96-D308-49F4-B29F-0647D0A35B10}"
EndProject
Global
	GlobalSection(SolutionConfigurationPlatforms) = preSolution
		Debug|Any CPU = Debug|Any CPU
		Release|Any CPU = Release|Any CPU
	EndGlobalSection
	GlobalSection(ProjectConfigurationPlatforms) = postSolution
		{002EA5A1-4860-4A4E-8DB6-25B1FB033E27}.Debug|Any CPU.ActiveCfg = Debug|Any CPU
		{002EA5A1-4860-4A4E-8DB6-25B1FB033E27}.Debug|Any CPU.Build.0 = Debug|Any CPU
		{002EA5A1-4860-4A4E-8DB6-25B1FB033E27}.Release|Any CPU.ActiveCfg = Release|Any CPU
		{002EA5A1-4860-4A4E-8DB6-25B1FB033E27}.Release|Any CPU.Build.0 = Release|Any CPU
		{A9649B96-D308-49F4-B29F-0647D0A35B10}.Debug|Any CPU.ActiveCfg = Debug|Any CPU
		{A9649B96-D308-49F4-B29F-0647D0A35B10}.Debug|Any CPU.Build.0 = Debug|Any CPU
		{A9649B96-D308-49F4-B29F-0647D0A35B10}.Release|Any CPU.ActiveCfg = Release|Any CPU
		{A9649B96-D308-49F4-B29F-0647D0A35B10}.Release|Any CPU.Build.0 = Release|Any CPU
	EndGlobalSection
	GlobalSection(SolutionProperties) = preSolution
		HideSolutionNode = FALSE
	EndGlobalSection
	GlobalSection(ExtensibilityGlobals) = postSolution
		SolutionGuid = {BB4ED88C-4D7C-4B2D-AACB-1BABDED54F8E}
	EndGlobalSection
EndGlobal
