
Microsoft Visual Studio Solution File, Format Version 12.00
# Visual Studio Version 17
VisualStudioVersion = 17.2.32630.192
MinimumVisualStudioVersion = 10.0.40219.1
Project("{9A19103F-16F7-4668-BE54-9A1E7A4F7556}") = "R5T.F0142", "R5T.F0142\R5T.F0142.csproj", "{A8A028C2-A889-44FD-A682-B993C5C8C820}"
EndProject
Project("{2150E333-8FDC-42A3-9474-1A3956D46DE8}") = "_Dependencies", "_Dependencies", "{F4496694-6CA3-41B5-A829-786393F0A18C}"
EndProject
Project("{9A19103F-16F7-4668-BE54-9A1E7A4F7556}") = "R5T.T0132", "..\..\R5T.T0132\source\R5T.T0132\R5T.T0132.csproj", "{B406A901-8387-4B13-A5AA-2A63D033423B}"
EndProject
Project("{9A19103F-16F7-4668-BE54-9A1E7A4F7556}") = "R5T.T0143", "..\..\R5T.T0143\source\R5T.T0143\R5T.T0143.csproj", "{FF8F5B67-E1B7-4B84-B183-CE542ACDBFC6}"
EndProject
Project("{9A19103F-16F7-4668-BE54-9A1E7A4F7556}") = "R5T.T0178", "..\..\R5T.T0178\source\R5T.T0178\R5T.T0178.csproj", "{8927E91C-5148-46DC-A7D0-0874EBF6DA11}"
EndProject
Project("{9A19103F-16F7-4668-BE54-9A1E7A4F7556}") = "R5T.T0179", "..\..\R5T.T0179\source\R5T.T0179\R5T.T0179.csproj", "{BFD0BE10-DC7A-4D1B-99E7-2277E300D600}"
EndProject
Project("{9A19103F-16F7-4668-BE54-9A1E7A4F7556}") = "R5T.T0184", "..\..\R5T.T0184\source\R5T.T0184\R5T.T0184.csproj", "{6CC8CD99-05A2-494C-AC81-F3730B4AE579}"
EndProject
Project("{9A19103F-16F7-4668-BE54-9A1E7A4F7556}") = "R5T.T0185", "..\..\R5T.T0185\source\R5T.T0185\R5T.T0185.csproj", "{59830875-7980-45DC-97EF-1FF2D732FD81}"
EndProject
Project("{9A19103F-16F7-4668-BE54-9A1E7A4F7556}") = "R5T.F0000", "..\..\R5T.F0000\source\R5T.F0000\R5T.F0000.csproj", "{B83D9F23-48B7-49E4-B574-C27268F024F2}"
EndProject
Project("{9A19103F-16F7-4668-BE54-9A1E7A4F7556}") = "R5T.L0043.F000", "..\..\R5T.L0043\source\R5T.L0043.F000\R5T.L0043.F000.csproj", "{57248C32-375E-45E3-A60B-EBD2CF3785B3}"
EndProject
Project("{9A19103F-16F7-4668-BE54-9A1E7A4F7556}") = "R5T.L0043.F001", "..\..\R5T.L0043\source\R5T.L0043.F001\R5T.L0043.F001.csproj", "{17259BC4-435A-403B-AFB6-DD6F83D8E7F5}"
EndProject
Project("{9A19103F-16F7-4668-BE54-9A1E7A4F7556}") = "R5T.L0043.T000", "..\..\R5T.L0043\source\R5T.L0043.T000\R5T.L0043.T000.csproj", "{6C40F4B2-F512-4EB8-B41F-0B06C733497C}"
EndProject
Project("{9A19103F-16F7-4668-BE54-9A1E7A4F7556}") = "R5T.L0043.Z000", "..\..\R5T.L0043\source\R5T.L0043.Z000\R5T.L0043.Z000.csproj", "{EAFFFE2F-CC38-4169-B5AC-D93ACA493D12}"
EndProject
Project("{9A19103F-16F7-4668-BE54-9A1E7A4F7556}") = "R5T.L0043.Z002", "..\..\R5T.L0043\source\R5T.L0043.Z002\R5T.L0043.Z002.csproj", "{20969865-5F31-42F1-8E4C-43E3E50FB26F}"
EndProject
Project("{9A19103F-16F7-4668-BE54-9A1E7A4F7556}") = "R5T.T0131", "..\..\R5T.T0131\source\R5T.T0131\R5T.T0131.csproj", "{54220402-5EF0-4722-A3B3-D4268F9AF6D2}"
EndProject
Project("{9A19103F-16F7-4668-BE54-9A1E7A4F7556}") = "R5T.T0142", "..\..\R5T.T0142\source\R5T.T0142\R5T.T0142.csproj", "{BAF5265E-F478-4F1C-866F-1ADBED79DDCA}"
EndProject
Project("{9A19103F-16F7-4668-BE54-9A1E7A4F7556}") = "R5T.T0156", "..\..\R5T.T0156\source\R5T.T0156\R5T.T0156.csproj", "{CF5A0B6A-728B-446B-A552-9F36732466D1}"
EndProject
Project("{9A19103F-16F7-4668-BE54-9A1E7A4F7556}") = "R5T.Y0000", "..\..\R5T.Y0000\source\R5T.Y0000\R5T.Y0000.csproj", "{03FFA422-ADA6-4F36-B9C2-E2D0511803BC}"
EndProject
Project("{9A19103F-16F7-4668-BE54-9A1E7A4F7556}") = "R5T.Z0000", "..\..\R5T.Z0000\source\R5T.Z0000\R5T.Z0000.csproj", "{13BA44A2-72BA-494D-B3B4-F9F8F44AD1BE}"
EndProject
Global
	GlobalSection(NestedProjects) = preSolution
		{B406A901-8387-4B13-A5AA-2A63D033423B} = {F4496694-6CA3-41B5-A829-786393F0A18C}
		{FF8F5B67-E1B7-4B84-B183-CE542ACDBFC6} = {F4496694-6CA3-41B5-A829-786393F0A18C}
		{8927E91C-5148-46DC-A7D0-0874EBF6DA11} = {F4496694-6CA3-41B5-A829-786393F0A18C}
		{BFD0BE10-DC7A-4D1B-99E7-2277E300D600} = {F4496694-6CA3-41B5-A829-786393F0A18C}
		{6CC8CD99-05A2-494C-AC81-F3730B4AE579} = {F4496694-6CA3-41B5-A829-786393F0A18C}
		{59830875-7980-45DC-97EF-1FF2D732FD81} = {F4496694-6CA3-41B5-A829-786393F0A18C}
		{B83D9F23-48B7-49E4-B574-C27268F024F2} = {F4496694-6CA3-41B5-A829-786393F0A18C}
		{57248C32-375E-45E3-A60B-EBD2CF3785B3} = {F4496694-6CA3-41B5-A829-786393F0A18C}
		{17259BC4-435A-403B-AFB6-DD6F83D8E7F5} = {F4496694-6CA3-41B5-A829-786393F0A18C}
		{6C40F4B2-F512-4EB8-B41F-0B06C733497C} = {F4496694-6CA3-41B5-A829-786393F0A18C}
		{EAFFFE2F-CC38-4169-B5AC-D93ACA493D12} = {F4496694-6CA3-41B5-A829-786393F0A18C}
		{20969865-5F31-42F1-8E4C-43E3E50FB26F} = {F4496694-6CA3-41B5-A829-786393F0A18C}
		{54220402-5EF0-4722-A3B3-D4268F9AF6D2} = {F4496694-6CA3-41B5-A829-786393F0A18C}
		{BAF5265E-F478-4F1C-866F-1ADBED79DDCA} = {F4496694-6CA3-41B5-A829-786393F0A18C}
		{CF5A0B6A-728B-446B-A552-9F36732466D1} = {F4496694-6CA3-41B5-A829-786393F0A18C}
		{03FFA422-ADA6-4F36-B9C2-E2D0511803BC} = {F4496694-6CA3-41B5-A829-786393F0A18C}
		{13BA44A2-72BA-494D-B3B4-F9F8F44AD1BE} = {F4496694-6CA3-41B5-A829-786393F0A18C}
	EndGlobalSection
	GlobalSection(SolutionConfigurationPlatforms) = preSolution
		Debug|Any CPU = Debug|Any CPU
		Release|Any CPU = Release|Any CPU
	EndGlobalSection
	GlobalSection(ProjectConfigurationPlatforms) = postSolution
		{A8A028C2-A889-44FD-A682-B993C5C8C820}.Debug|Any CPU.ActiveCfg = Debug|Any CPU
		{A8A028C2-A889-44FD-A682-B993C5C8C820}.Debug|Any CPU.Build.0 = Debug|Any CPU
		{A8A028C2-A889-44FD-A682-B993C5C8C820}.Release|Any CPU.ActiveCfg = Release|Any CPU
		{A8A028C2-A889-44FD-A682-B993C5C8C820}.Release|Any CPU.Build.0 = Release|Any CPU
		{B406A901-8387-4B13-A5AA-2A63D033423B}.Debug|Any CPU.ActiveCfg = Debug|Any CPU
		{B406A901-8387-4B13-A5AA-2A63D033423B}.Debug|Any CPU.Build.0 = Debug|Any CPU
		{B406A901-8387-4B13-A5AA-2A63D033423B}.Release|Any CPU.ActiveCfg = Release|Any CPU
		{B406A901-8387-4B13-A5AA-2A63D033423B}.Release|Any CPU.Build.0 = Release|Any CPU
		{FF8F5B67-E1B7-4B84-B183-CE542ACDBFC6}.Debug|Any CPU.ActiveCfg = Debug|Any CPU
		{FF8F5B67-E1B7-4B84-B183-CE542ACDBFC6}.Debug|Any CPU.Build.0 = Debug|Any CPU
		{FF8F5B67-E1B7-4B84-B183-CE542ACDBFC6}.Release|Any CPU.ActiveCfg = Release|Any CPU
		{FF8F5B67-E1B7-4B84-B183-CE542ACDBFC6}.Release|Any CPU.Build.0 = Release|Any CPU
		{8927E91C-5148-46DC-A7D0-0874EBF6DA11}.Debug|Any CPU.ActiveCfg = Debug|Any CPU
		{8927E91C-5148-46DC-A7D0-0874EBF6DA11}.Debug|Any CPU.Build.0 = Debug|Any CPU
		{8927E91C-5148-46DC-A7D0-0874EBF6DA11}.Release|Any CPU.ActiveCfg = Release|Any CPU
		{8927E91C-5148-46DC-A7D0-0874EBF6DA11}.Release|Any CPU.Build.0 = Release|Any CPU
		{BFD0BE10-DC7A-4D1B-99E7-2277E300D600}.Debug|Any CPU.ActiveCfg = Debug|Any CPU
		{BFD0BE10-DC7A-4D1B-99E7-2277E300D600}.Debug|Any CPU.Build.0 = Debug|Any CPU
		{BFD0BE10-DC7A-4D1B-99E7-2277E300D600}.Release|Any CPU.ActiveCfg = Release|Any CPU
		{BFD0BE10-DC7A-4D1B-99E7-2277E300D600}.Release|Any CPU.Build.0 = Release|Any CPU
		{6CC8CD99-05A2-494C-AC81-F3730B4AE579}.Debug|Any CPU.ActiveCfg = Debug|Any CPU
		{6CC8CD99-05A2-494C-AC81-F3730B4AE579}.Debug|Any CPU.Build.0 = Debug|Any CPU
		{6CC8CD99-05A2-494C-AC81-F3730B4AE579}.Release|Any CPU.ActiveCfg = Release|Any CPU
		{6CC8CD99-05A2-494C-AC81-F3730B4AE579}.Release|Any CPU.Build.0 = Release|Any CPU
		{59830875-7980-45DC-97EF-1FF2D732FD81}.Debug|Any CPU.ActiveCfg = Debug|Any CPU
		{59830875-7980-45DC-97EF-1FF2D732FD81}.Debug|Any CPU.Build.0 = Debug|Any CPU
		{59830875-7980-45DC-97EF-1FF2D732FD81}.Release|Any CPU.ActiveCfg = Release|Any CPU
		{59830875-7980-45DC-97EF-1FF2D732FD81}.Release|Any CPU.Build.0 = Release|Any CPU
		{B83D9F23-48B7-49E4-B574-C27268F024F2}.Debug|Any CPU.ActiveCfg = Debug|Any CPU
		{B83D9F23-48B7-49E4-B574-C27268F024F2}.Debug|Any CPU.Build.0 = Debug|Any CPU
		{B83D9F23-48B7-49E4-B574-C27268F024F2}.Release|Any CPU.ActiveCfg = Release|Any CPU
		{B83D9F23-48B7-49E4-B574-C27268F024F2}.Release|Any CPU.Build.0 = Release|Any CPU
		{57248C32-375E-45E3-A60B-EBD2CF3785B3}.Debug|Any CPU.ActiveCfg = Debug|Any CPU
		{57248C32-375E-45E3-A60B-EBD2CF3785B3}.Debug|Any CPU.Build.0 = Debug|Any CPU
		{57248C32-375E-45E3-A60B-EBD2CF3785B3}.Release|Any CPU.ActiveCfg = Release|Any CPU
		{57248C32-375E-45E3-A60B-EBD2CF3785B3}.Release|Any CPU.Build.0 = Release|Any CPU
		{17259BC4-435A-403B-AFB6-DD6F83D8E7F5}.Debug|Any CPU.ActiveCfg = Debug|Any CPU
		{17259BC4-435A-403B-AFB6-DD6F83D8E7F5}.Debug|Any CPU.Build.0 = Debug|Any CPU
		{17259BC4-435A-403B-AFB6-DD6F83D8E7F5}.Release|Any CPU.ActiveCfg = Release|Any CPU
		{17259BC4-435A-403B-AFB6-DD6F83D8E7F5}.Release|Any CPU.Build.0 = Release|Any CPU
		{6C40F4B2-F512-4EB8-B41F-0B06C733497C}.Debug|Any CPU.ActiveCfg = Debug|Any CPU
		{6C40F4B2-F512-4EB8-B41F-0B06C733497C}.Debug|Any CPU.Build.0 = Debug|Any CPU
		{6C40F4B2-F512-4EB8-B41F-0B06C733497C}.Release|Any CPU.ActiveCfg = Release|Any CPU
		{6C40F4B2-F512-4EB8-B41F-0B06C733497C}.Release|Any CPU.Build.0 = Release|Any CPU
		{EAFFFE2F-CC38-4169-B5AC-D93ACA493D12}.Debug|Any CPU.ActiveCfg = Debug|Any CPU
		{EAFFFE2F-CC38-4169-B5AC-D93ACA493D12}.Debug|Any CPU.Build.0 = Debug|Any CPU
		{EAFFFE2F-CC38-4169-B5AC-D93ACA493D12}.Release|Any CPU.ActiveCfg = Release|Any CPU
		{EAFFFE2F-CC38-4169-B5AC-D93ACA493D12}.Release|Any CPU.Build.0 = Release|Any CPU
		{20969865-5F31-42F1-8E4C-43E3E50FB26F}.Debug|Any CPU.ActiveCfg = Debug|Any CPU
		{20969865-5F31-42F1-8E4C-43E3E50FB26F}.Debug|Any CPU.Build.0 = Debug|Any CPU
		{20969865-5F31-42F1-8E4C-43E3E50FB26F}.Release|Any CPU.ActiveCfg = Release|Any CPU
		{20969865-5F31-42F1-8E4C-43E3E50FB26F}.Release|Any CPU.Build.0 = Release|Any CPU
		{54220402-5EF0-4722-A3B3-D4268F9AF6D2}.Debug|Any CPU.ActiveCfg = Debug|Any CPU
		{54220402-5EF0-4722-A3B3-D4268F9AF6D2}.Debug|Any CPU.Build.0 = Debug|Any CPU
		{54220402-5EF0-4722-A3B3-D4268F9AF6D2}.Release|Any CPU.ActiveCfg = Release|Any CPU
		{54220402-5EF0-4722-A3B3-D4268F9AF6D2}.Release|Any CPU.Build.0 = Release|Any CPU
		{BAF5265E-F478-4F1C-866F-1ADBED79DDCA}.Debug|Any CPU.ActiveCfg = Debug|Any CPU
		{BAF5265E-F478-4F1C-866F-1ADBED79DDCA}.Debug|Any CPU.Build.0 = Debug|Any CPU
		{BAF5265E-F478-4F1C-866F-1ADBED79DDCA}.Release|Any CPU.ActiveCfg = Release|Any CPU
		{BAF5265E-F478-4F1C-866F-1ADBED79DDCA}.Release|Any CPU.Build.0 = Release|Any CPU
		{CF5A0B6A-728B-446B-A552-9F36732466D1}.Debug|Any CPU.ActiveCfg = Debug|Any CPU
		{CF5A0B6A-728B-446B-A552-9F36732466D1}.Debug|Any CPU.Build.0 = Debug|Any CPU
		{CF5A0B6A-728B-446B-A552-9F36732466D1}.Release|Any CPU.ActiveCfg = Release|Any CPU
		{CF5A0B6A-728B-446B-A552-9F36732466D1}.Release|Any CPU.Build.0 = Release|Any CPU
		{03FFA422-ADA6-4F36-B9C2-E2D0511803BC}.Debug|Any CPU.ActiveCfg = Debug|Any CPU
		{03FFA422-ADA6-4F36-B9C2-E2D0511803BC}.Debug|Any CPU.Build.0 = Debug|Any CPU
		{03FFA422-ADA6-4F36-B9C2-E2D0511803BC}.Release|Any CPU.ActiveCfg = Release|Any CPU
		{03FFA422-ADA6-4F36-B9C2-E2D0511803BC}.Release|Any CPU.Build.0 = Release|Any CPU
		{13BA44A2-72BA-494D-B3B4-F9F8F44AD1BE}.Debug|Any CPU.ActiveCfg = Debug|Any CPU
		{13BA44A2-72BA-494D-B3B4-F9F8F44AD1BE}.Debug|Any CPU.Build.0 = Debug|Any CPU
		{13BA44A2-72BA-494D-B3B4-F9F8F44AD1BE}.Release|Any CPU.ActiveCfg = Release|Any CPU
		{13BA44A2-72BA-494D-B3B4-F9F8F44AD1BE}.Release|Any CPU.Build.0 = Release|Any CPU
	EndGlobalSection
	GlobalSection(SolutionProperties) = preSolution
		HideSolutionNode = FALSE
	EndGlobalSection
	GlobalSection(ExtensibilityGlobals) = postSolution
		SolutionGuid = {B2FCE380-3F05-4C20-B1A7-45521B954803}
	EndGlobalSection
EndGlobal
