
Microsoft Visual Studio Solution File, Format Version 12.00
# Visual Studio Version 17
VisualStudioVersion = 17.2.32630.192
MinimumVisualStudioVersion = 10.0.40219.1
Project("{9A19103F-16F7-4668-BE54-9A1E7A4F7556}") = "R5T.F0142.Construction", "R5T.F0142.Construction\R5T.F0142.Construction.csproj", "{002EA5A1-4860-4A4E-8DB6-25B1FB033E27}"
EndProject
Project("{9A19103F-16F7-4668-BE54-9A1E7A4F7556}") = "R5T.F0142", "R5T.F0142\R5T.F0142.csproj", "{A9649B96-D308-49F4-B29F-0647D0A35B10}"
EndProject
Project("{2150E333-8FDC-42A3-9474-1A3956D46DE8}") = "_Dependencies", "_Dependencies", "{37838ED1-AC97-4FB4-B9D6-B30BDA96DAF2}"
EndProject
Project("{9A19103F-16F7-4668-BE54-9A1E7A4F7556}") = "R5T.T0132", "..\..\R5T.T0132\source\R5T.T0132\R5T.T0132.csproj", "{6CCB0FEF-350A-4D7A-A610-228D9EA35D4B}"
EndProject
Project("{9A19103F-16F7-4668-BE54-9A1E7A4F7556}") = "R5T.T0143", "..\..\R5T.T0143\source\R5T.T0143\R5T.T0143.csproj", "{065231A4-CFDD-40E9-8DC9-D23C937F2801}"
EndProject
Project("{9A19103F-16F7-4668-BE54-9A1E7A4F7556}") = "R5T.T0178", "..\..\R5T.T0178\source\R5T.T0178\R5T.T0178.csproj", "{E6F74828-78EA-4D22-9B7D-FB5F3C1798C4}"
EndProject
Project("{9A19103F-16F7-4668-BE54-9A1E7A4F7556}") = "R5T.T0179", "..\..\R5T.T0179\source\R5T.T0179\R5T.T0179.csproj", "{62F789E9-33BE-4173-B121-9B30484C9FE7}"
EndProject
Project("{9A19103F-16F7-4668-BE54-9A1E7A4F7556}") = "R5T.T0184", "..\..\R5T.T0184\source\R5T.T0184\R5T.T0184.csproj", "{DAB508CE-F38F-48E4-B04F-71D2E5000F46}"
EndProject
Project("{9A19103F-16F7-4668-BE54-9A1E7A4F7556}") = "R5T.T0185", "..\..\R5T.T0185\source\R5T.T0185\R5T.T0185.csproj", "{991BF2BF-10B2-433A-A47B-757E32D74785}"
EndProject
Project("{9A19103F-16F7-4668-BE54-9A1E7A4F7556}") = "R5T.F0000", "..\..\R5T.F0000\source\R5T.F0000\R5T.F0000.csproj", "{B208EDB2-E934-47AF-8C8B-545EF75BB55F}"
EndProject
Project("{9A19103F-16F7-4668-BE54-9A1E7A4F7556}") = "R5T.L0043.F000", "..\..\R5T.L0043\source\R5T.L0043.F000\R5T.L0043.F000.csproj", "{4E9ED7C2-C93E-4BEF-A50D-BBE517EFD24C}"
EndProject
Project("{9A19103F-16F7-4668-BE54-9A1E7A4F7556}") = "R5T.L0043.F001", "..\..\R5T.L0043\source\R5T.L0043.F001\R5T.L0043.F001.csproj", "{E73078FF-6D3D-4798-B866-B9E13B46DF8C}"
EndProject
Project("{9A19103F-16F7-4668-BE54-9A1E7A4F7556}") = "R5T.L0043.T000", "..\..\R5T.L0043\source\R5T.L0043.T000\R5T.L0043.T000.csproj", "{5752B676-894E-4836-B760-6D85F3B29247}"
EndProject
Project("{9A19103F-16F7-4668-BE54-9A1E7A4F7556}") = "R5T.L0043.Z000", "..\..\R5T.L0043\source\R5T.L0043.Z000\R5T.L0043.Z000.csproj", "{C7CC28CE-DFA4-4A97-BCAD-ECC034B62365}"
EndProject
Project("{9A19103F-16F7-4668-BE54-9A1E7A4F7556}") = "R5T.L0043.Z002", "..\..\R5T.L0043\source\R5T.L0043.Z002\R5T.L0043.Z002.csproj", "{309A156D-8DA3-4EC0-B613-370C2091F67E}"
EndProject
Project("{9A19103F-16F7-4668-BE54-9A1E7A4F7556}") = "R5T.T0131", "..\..\R5T.T0131\source\R5T.T0131\R5T.T0131.csproj", "{804521B0-CB85-47D1-BF3A-67DF1D1BFF62}"
EndProject
Project("{9A19103F-16F7-4668-BE54-9A1E7A4F7556}") = "R5T.T0142", "..\..\R5T.T0142\source\R5T.T0142\R5T.T0142.csproj", "{FCA40E49-77C7-4637-BDB9-C42779661010}"
EndProject
Project("{9A19103F-16F7-4668-BE54-9A1E7A4F7556}") = "R5T.T0156", "..\..\R5T.T0156\source\R5T.T0156\R5T.T0156.csproj", "{F540CE0F-5214-4A49-B182-6777821EF027}"
EndProject
Project("{9A19103F-16F7-4668-BE54-9A1E7A4F7556}") = "R5T.Y0000", "..\..\R5T.Y0000\source\R5T.Y0000\R5T.Y0000.csproj", "{F1114076-08E4-46B2-AE88-48E4621BDDBB}"
EndProject
Project("{9A19103F-16F7-4668-BE54-9A1E7A4F7556}") = "R5T.Z0000", "..\..\R5T.Z0000\source\R5T.Z0000\R5T.Z0000.csproj", "{0E953CB9-A4AD-4818-8B6F-E4B4D2CBFED7}"
EndProject
Global
	GlobalSection(NestedProjects) = preSolution
		{6CCB0FEF-350A-4D7A-A610-228D9EA35D4B} = {37838ED1-AC97-4FB4-B9D6-B30BDA96DAF2}
		{065231A4-CFDD-40E9-8DC9-D23C937F2801} = {37838ED1-AC97-4FB4-B9D6-B30BDA96DAF2}
		{E6F74828-78EA-4D22-9B7D-FB5F3C1798C4} = {37838ED1-AC97-4FB4-B9D6-B30BDA96DAF2}
		{62F789E9-33BE-4173-B121-9B30484C9FE7} = {37838ED1-AC97-4FB4-B9D6-B30BDA96DAF2}
		{DAB508CE-F38F-48E4-B04F-71D2E5000F46} = {37838ED1-AC97-4FB4-B9D6-B30BDA96DAF2}
		{991BF2BF-10B2-433A-A47B-757E32D74785} = {37838ED1-AC97-4FB4-B9D6-B30BDA96DAF2}
		{B208EDB2-E934-47AF-8C8B-545EF75BB55F} = {37838ED1-AC97-4FB4-B9D6-B30BDA96DAF2}
		{4E9ED7C2-C93E-4BEF-A50D-BBE517EFD24C} = {37838ED1-AC97-4FB4-B9D6-B30BDA96DAF2}
		{E73078FF-6D3D-4798-B866-B9E13B46DF8C} = {37838ED1-AC97-4FB4-B9D6-B30BDA96DAF2}
		{5752B676-894E-4836-B760-6D85F3B29247} = {37838ED1-AC97-4FB4-B9D6-B30BDA96DAF2}
		{C7CC28CE-DFA4-4A97-BCAD-ECC034B62365} = {37838ED1-AC97-4FB4-B9D6-B30BDA96DAF2}
		{309A156D-8DA3-4EC0-B613-370C2091F67E} = {37838ED1-AC97-4FB4-B9D6-B30BDA96DAF2}
		{804521B0-CB85-47D1-BF3A-67DF1D1BFF62} = {37838ED1-AC97-4FB4-B9D6-B30BDA96DAF2}
		{FCA40E49-77C7-4637-BDB9-C42779661010} = {37838ED1-AC97-4FB4-B9D6-B30BDA96DAF2}
		{F540CE0F-5214-4A49-B182-6777821EF027} = {37838ED1-AC97-4FB4-B9D6-B30BDA96DAF2}
		{F1114076-08E4-46B2-AE88-48E4621BDDBB} = {37838ED1-AC97-4FB4-B9D6-B30BDA96DAF2}
		{0E953CB9-A4AD-4818-8B6F-E4B4D2CBFED7} = {37838ED1-AC97-4FB4-B9D6-B30BDA96DAF2}
	EndGlobalSection
	GlobalSection(SolutionConfigurationPlatforms) = preSolution
		Debug|Any CPU = Debug|Any CPU
		Release|Any CPU = Release|Any CPU
	EndGlobalSection
	GlobalSection(ProjectConfigurationPlatforms) = postSolution
		{002EA5A1-4860-4A4E-8DB6-25B1FB033E27}.Debug|Any CPU.ActiveCfg = Debug|Any CPU
		{002EA5A1-4860-4A4E-8DB6-25B1FB033E27}.Debug|Any CPU.Build.0 = Debug|Any CPU
		{002EA5A1-4860-4A4E-8DB6-25B1FB033E27}.Release|Any CPU.ActiveCfg = Release|Any CPU
		{002EA5A1-4860-4A4E-8DB6-25B1FB033E27}.Release|Any CPU.Build.0 = Release|Any CPU
		{A9649B96-D308-49F4-B29F-0647D0A35B10}.Debug|Any CPU.ActiveCfg = Debug|Any CPU
		{A9649B96-D308-49F4-B29F-0647D0A35B10}.Debug|Any CPU.Build.0 = Debug|Any CPU
		{A9649B96-D308-49F4-B29F-0647D0A35B10}.Release|Any CPU.ActiveCfg = Release|Any CPU
		{A9649B96-D308-49F4-B29F-0647D0A35B10}.Release|Any CPU.Build.0 = Release|Any CPU
		{6CCB0FEF-350A-4D7A-A610-228D9EA35D4B}.Debug|Any CPU.ActiveCfg = Debug|Any CPU
		{6CCB0FEF-350A-4D7A-A610-228D9EA35D4B}.Debug|Any CPU.Build.0 = Debug|Any CPU
		{6CCB0FEF-350A-4D7A-A610-228D9EA35D4B}.Release|Any CPU.ActiveCfg = Release|Any CPU
		{6CCB0FEF-350A-4D7A-A610-228D9EA35D4B}.Release|Any CPU.Build.0 = Release|Any CPU
		{065231A4-CFDD-40E9-8DC9-D23C937F2801}.Debug|Any CPU.ActiveCfg = Debug|Any CPU
		{065231A4-CFDD-40E9-8DC9-D23C937F2801}.Debug|Any CPU.Build.0 = Debug|Any CPU
		{065231A4-CFDD-40E9-8DC9-D23C937F2801}.Release|Any CPU.ActiveCfg = Release|Any CPU
		{065231A4-CFDD-40E9-8DC9-D23C937F2801}.Release|Any CPU.Build.0 = Release|Any CPU
		{E6F74828-78EA-4D22-9B7D-FB5F3C1798C4}.Debug|Any CPU.ActiveCfg = Debug|Any CPU
		{E6F74828-78EA-4D22-9B7D-FB5F3C1798C4}.Debug|Any CPU.Build.0 = Debug|Any CPU
		{E6F74828-78EA-4D22-9B7D-FB5F3C1798C4}.Release|Any CPU.ActiveCfg = Release|Any CPU
		{E6F74828-78EA-4D22-9B7D-FB5F3C1798C4}.Release|Any CPU.Build.0 = Release|Any CPU
		{62F789E9-33BE-4173-B121-9B30484C9FE7}.Debug|Any CPU.ActiveCfg = Debug|Any CPU
		{62F789E9-33BE-4173-B121-9B30484C9FE7}.Debug|Any CPU.Build.0 = Debug|Any CPU
		{62F789E9-33BE-4173-B121-9B30484C9FE7}.Release|Any CPU.ActiveCfg = Release|Any CPU
		{62F789E9-33BE-4173-B121-9B30484C9FE7}.Release|Any CPU.Build.0 = Release|Any CPU
		{DAB508CE-F38F-48E4-B04F-71D2E5000F46}.Debug|Any CPU.ActiveCfg = Debug|Any CPU
		{DAB508CE-F38F-48E4-B04F-71D2E5000F46}.Debug|Any CPU.Build.0 = Debug|Any CPU
		{DAB508CE-F38F-48E4-B04F-71D2E5000F46}.Release|Any CPU.ActiveCfg = Release|Any CPU
		{DAB508CE-F38F-48E4-B04F-71D2E5000F46}.Release|Any CPU.Build.0 = Release|Any CPU
		{991BF2BF-10B2-433A-A47B-757E32D74785}.Debug|Any CPU.ActiveCfg = Debug|Any CPU
		{991BF2BF-10B2-433A-A47B-757E32D74785}.Debug|Any CPU.Build.0 = Debug|Any CPU
		{991BF2BF-10B2-433A-A47B-757E32D74785}.Release|Any CPU.ActiveCfg = Release|Any CPU
		{991BF2BF-10B2-433A-A47B-757E32D74785}.Release|Any CPU.Build.0 = Release|Any CPU
		{B208EDB2-E934-47AF-8C8B-545EF75BB55F}.Debug|Any CPU.ActiveCfg = Debug|Any CPU
		{B208EDB2-E934-47AF-8C8B-545EF75BB55F}.Debug|Any CPU.Build.0 = Debug|Any CPU
		{B208EDB2-E934-47AF-8C8B-545EF75BB55F}.Release|Any CPU.ActiveCfg = Release|Any CPU
		{B208EDB2-E934-47AF-8C8B-545EF75BB55F}.Release|Any CPU.Build.0 = Release|Any CPU
		{4E9ED7C2-C93E-4BEF-A50D-BBE517EFD24C}.Debug|Any CPU.ActiveCfg = Debug|Any CPU
		{4E9ED7C2-C93E-4BEF-A50D-BBE517EFD24C}.Debug|Any CPU.Build.0 = Debug|Any CPU
		{4E9ED7C2-C93E-4BEF-A50D-BBE517EFD24C}.Release|Any CPU.ActiveCfg = Release|Any CPU
		{4E9ED7C2-C93E-4BEF-A50D-BBE517EFD24C}.Release|Any CPU.Build.0 = Release|Any CPU
		{E73078FF-6D3D-4798-B866-B9E13B46DF8C}.Debug|Any CPU.ActiveCfg = Debug|Any CPU
		{E73078FF-6D3D-4798-B866-B9E13B46DF8C}.Debug|Any CPU.Build.0 = Debug|Any CPU
		{E73078FF-6D3D-4798-B866-B9E13B46DF8C}.Release|Any CPU.ActiveCfg = Release|Any CPU
		{E73078FF-6D3D-4798-B866-B9E13B46DF8C}.Release|Any CPU.Build.0 = Release|Any CPU
		{5752B676-894E-4836-B760-6D85F3B29247}.Debug|Any CPU.ActiveCfg = Debug|Any CPU
		{5752B676-894E-4836-B760-6D85F3B29247}.Debug|Any CPU.Build.0 = Debug|Any CPU
		{5752B676-894E-4836-B760-6D85F3B29247}.Release|Any CPU.ActiveCfg = Release|Any CPU
		{5752B676-894E-4836-B760-6D85F3B29247}.Release|Any CPU.Build.0 = Release|Any CPU
		{C7CC28CE-DFA4-4A97-BCAD-ECC034B62365}.Debug|Any CPU.ActiveCfg = Debug|Any CPU
		{C7CC28CE-DFA4-4A97-BCAD-ECC034B62365}.Debug|Any CPU.Build.0 = Debug|Any CPU
		{C7CC28CE-DFA4-4A97-BCAD-ECC034B62365}.Release|Any CPU.ActiveCfg = Release|Any CPU
		{C7CC28CE-DFA4-4A97-BCAD-ECC034B62365}.Release|Any CPU.Build.0 = Release|Any CPU
		{309A156D-8DA3-4EC0-B613-370C2091F67E}.Debug|Any CPU.ActiveCfg = Debug|Any CPU
		{309A156D-8DA3-4EC0-B613-370C2091F67E}.Debug|Any CPU.Build.0 = Debug|Any CPU
		{309A156D-8DA3-4EC0-B613-370C2091F67E}.Release|Any CPU.ActiveCfg = Release|Any CPU
		{309A156D-8DA3-4EC0-B613-370C2091F67E}.Release|Any CPU.Build.0 = Release|Any CPU
		{804521B0-CB85-47D1-BF3A-67DF1D1BFF62}.Debug|Any CPU.ActiveCfg = Debug|Any CPU
		{804521B0-CB85-47D1-BF3A-67DF1D1BFF62}.Debug|Any CPU.Build.0 = Debug|Any CPU
		{804521B0-CB85-47D1-BF3A-67DF1D1BFF62}.Release|Any CPU.ActiveCfg = Release|Any CPU
		{804521B0-CB85-47D1-BF3A-67DF1D1BFF62}.Release|Any CPU.Build.0 = Release|Any CPU
		{FCA40E49-77C7-4637-BDB9-C42779661010}.Debug|Any CPU.ActiveCfg = Debug|Any CPU
		{FCA40E49-77C7-4637-BDB9-C42779661010}.Debug|Any CPU.Build.0 = Debug|Any CPU
		{FCA40E49-77C7-4637-BDB9-C42779661010}.Release|Any CPU.ActiveCfg = Release|Any CPU
		{FCA40E49-77C7-4637-BDB9-C42779661010}.Release|Any CPU.Build.0 = Release|Any CPU
		{F540CE0F-5214-4A49-B182-6777821EF027}.Debug|Any CPU.ActiveCfg = Debug|Any CPU
		{F540CE0F-5214-4A49-B182-6777821EF027}.Debug|Any CPU.Build.0 = Debug|Any CPU
		{F540CE0F-5214-4A49-B182-6777821EF027}.Release|Any CPU.ActiveCfg = Release|Any CPU
		{F540CE0F-5214-4A49-B182-6777821EF027}.Release|Any CPU.Build.0 = Release|Any CPU
		{F1114076-08E4-46B2-AE88-48E4621BDDBB}.Debug|Any CPU.ActiveCfg = Debug|Any CPU
		{F1114076-08E4-46B2-AE88-48E4621BDDBB}.Debug|Any CPU.Build.0 = Debug|Any CPU
		{F1114076-08E4-46B2-AE88-48E4621BDDBB}.Release|Any CPU.ActiveCfg = Release|Any CPU
		{F1114076-08E4-46B2-AE88-48E4621BDDBB}.Release|Any CPU.Build.0 = Release|Any CPU
		{0E953CB9-A4AD-4818-8B6F-E4B4D2CBFED7}.Debug|Any CPU.ActiveCfg = Debug|Any CPU
		{0E953CB9-A4AD-4818-8B6F-E4B4D2CBFED7}.Debug|Any CPU.Build.0 = Debug|Any CPU
		{0E953CB9-A4AD-4818-8B6F-E4B4D2CBFED7}.Release|Any CPU.ActiveCfg = Release|Any CPU
		{0E953CB9-A4AD-4818-8B6F-E4B4D2CBFED7}.Release|Any CPU.Build.0 = Release|Any CPU
	EndGlobalSection
	GlobalSection(SolutionProperties) = preSolution
		HideSolutionNode = FALSE
	EndGlobalSection
	GlobalSection(ExtensibilityGlobals) = postSolution
		SolutionGuid = {BB4ED88C-4D7C-4B2D-AACB-1BABDED54F8E}
	EndGlobalSection
EndGlobal
